
Microsoft Visual Studio Solution File, Format Version 12.00
# Visual Studio Version 16
VisualStudioVersion = 16.0.30907.101
MinimumVisualStudioVersion = 10.0.40219.1
Project("{FAE04EC0-301F-11D3-BF4B-00C04F79EFBC}") = "SalesTax", "SalesTax\SalesTax.csproj", "{51DC8C85-0207-4D37-AE00-C76CC1F089DE}"
EndProject
Global
	GlobalSection(SolutionConfigurationPlatforms) = preSolution
		Debug|Any CPU = Debug|Any CPU
		Release|Any CPU = Release|Any CPU
	EndGlobalSection
	GlobalSection(ProjectConfigurationPlatforms) = postSolution
		{51DC8C85-0207-4D37-AE00-C76CC1F089DE}.Debug|Any CPU.ActiveCfg = Debug|Any CPU
		{51DC8C85-0207-4D37-AE00-C76CC1F089DE}.Debug|Any CPU.Build.0 = Debug|Any CPU
		{51DC8C85-0207-4D37-AE00-C76CC1F089DE}.Release|Any CPU.ActiveCfg = Release|Any CPU
		{51DC8C85-0207-4D37-AE00-C76CC1F089DE}.Release|Any CPU.Build.0 = Release|Any CPU
	EndGlobalSection
	GlobalSection(SolutionProperties) = preSolution
		HideSolutionNode = FALSE
	EndGlobalSection
	GlobalSection(ExtensibilityGlobals) = postSolution
		SolutionGuid = {86BA1DC0-A9C6-4C7B-AA1B-BB0A60E6A990}
	EndGlobalSection
EndGlobal
